
Microsoft Visual Studio Solution File, Format Version 12.00
# Visual Studio Version 17
VisualStudioVersion = 17.14.36127.28
MinimumVisualStudioVersion = 10.0.40219.1
Project("{FAE04EC0-301F-11D3-BF4B-00C04F79EFBC}") = "StationaryShop", "StationaryShop\StationaryShop.csproj", "{B9B1C624-F042-4C6B-8C6D-DD22AC15ACEE}"
EndProject
Project("{FAE04EC0-301F-11D3-BF4B-00C04F79EFBC}") = "Items.DataAccess", "Items.DataAccess\Items.DataAccess.csproj", "{BC0DEA16-9020-4D46-A75A-3AE6205CA745}"
EndProject
Project("{FAE04EC0-301F-11D3-BF4B-00C04F79EFBC}") = "Items.Services", "Items.Services\Items.Services.csproj", "{941BFADA-ED82-4B41-8AD9-E0CA9F37D818}"
EndProject
Global
	GlobalSection(SolutionConfigurationPlatforms) = preSolution
		Debug|Any CPU = Debug|Any CPU
		Release|Any CPU = Release|Any CPU
	EndGlobalSection
	GlobalSection(ProjectConfigurationPlatforms) = postSolution
		{B9B1C624-F042-4C6B-8C6D-DD22AC15ACEE}.Debug|Any CPU.ActiveCfg = Debug|Any CPU
		{B9B1C624-F042-4C6B-8C6D-DD22AC15ACEE}.Debug|Any CPU.Build.0 = Debug|Any CPU
		{B9B1C624-F042-4C6B-8C6D-DD22AC15ACEE}.Release|Any CPU.ActiveCfg = Release|Any CPU
		{B9B1C624-F042-4C6B-8C6D-DD22AC15ACEE}.Release|Any CPU.Build.0 = Release|Any CPU
		{BC0DEA16-9020-4D46-A75A-3AE6205CA745}.Debug|Any CPU.ActiveCfg = Debug|Any CPU
		{BC0DEA16-9020-4D46-A75A-3AE6205CA745}.Debug|Any CPU.Build.0 = Debug|Any CPU
		{BC0DEA16-9020-4D46-A75A-3AE6205CA745}.Release|Any CPU.ActiveCfg = Release|Any CPU
		{BC0DEA16-9020-4D46-A75A-3AE6205CA745}.Release|Any CPU.Build.0 = Release|Any CPU
		{941BFADA-ED82-4B41-8AD9-E0CA9F37D818}.Debug|Any CPU.ActiveCfg = Debug|Any CPU
		{941BFADA-ED82-4B41-8AD9-E0CA9F37D818}.Debug|Any CPU.Build.0 = Debug|Any CPU
		{941BFADA-ED82-4B41-8AD9-E0CA9F37D818}.Release|Any CPU.ActiveCfg = Release|Any CPU
		{941BFADA-ED82-4B41-8AD9-E0CA9F37D818}.Release|Any CPU.Build.0 = Release|Any CPU
	EndGlobalSection
	GlobalSection(SolutionProperties) = preSolution
		HideSolutionNode = FALSE
	EndGlobalSection
	GlobalSection(ExtensibilityGlobals) = postSolution
		SolutionGuid = {CDA147E1-F81D-4E6E-99DD-7F477F39A6D3}
	EndGlobalSection
EndGlobal
